PODS:
  - camera_avfoundation (0.0.1):
    - Flutter
  - Flutter (1.0.0)
  - flutter_native_splash (0.0.1):
    - Flutter
  - image_picker_ios (0.0.1):
    - Flutter
  - livespeechtotext (0.0.1):
    - Flutter
  - path_provider_foundation (0.0.1):
    - Flutter
    - FlutterMacOS
  - permission_handler_apple (9.3.0):
    - Flutter
  - speech_to_text (0.0.1):
    - Flutter
    - Try
  - Try (2.1.1)

DEPENDENCIES:
  - camera_avfoundation (from `.symlinks/plugins/camera_avfoundation/ios`)
  - Flutter (from `Flutter`)
  - flutter_native_splash (from `.symlinks/plugins/flutter_native_splash/ios`)
  - image_picker_ios (from `.symlinks/plugins/image_picker_ios/ios`)
  - livespeechtotext (from `.symlinks/plugins/livespeechtotext/ios`)
  - path_provider_foundation (from `.symlinks/plugins/path_provider_foundation/darwin`)
  - permission_handler_apple (from `.symlinks/plugins/permission_handler_apple/ios`)
  - speech_to_text (from `.symlinks/plugins/speech_to_text/ios`)

SPEC REPOS:
  trunk:
    - Try

EXTERNAL SOURCES:
  camera_avfoundation:
    :path: ".symlinks/plugins/camera_avfoundation/ios"
  Flutter:
    :path: Flutter
  flutter_native_splash:
    :path: ".symlinks/plugins/flutter_native_splash/ios"
  image_picker_ios:
    :path: ".symlinks/plugins/image_picker_ios/ios"
  livespeechtotext:
    :path: ".symlinks/plugins/livespeechtotext/ios"
  path_provider_foundation:
    :path: ".symlinks/plugins/path_provider_foundation/darwin"
  permission_handler_apple:
    :path: ".symlinks/plugins/permission_handler_apple/ios"
  speech_to_text:
    :path: ".symlinks/plugins/speech_to_text/ios"

SPEC CHECKSUMS:
  camera_avfoundation: 759172d1a77ae7be0de08fc104cfb79738b8a59e
  Flutter: e0871f40cf51350855a761d2e70bf5af5b9b5de7
  flutter_native_splash: 52501b97d1c0a5f898d687f1646226c1f93c56ef
  image_picker_ios: 99dfe1854b4fa34d0364e74a78448a0151025425
  livespeechtotext: 554d747665baa83e841438e88cf8ad7d2fafd8bc
  path_provider_foundation: 3784922295ac71e43754bd15e0653ccfd36a147c
  permission_handler_apple: 036b856153a2b1f61f21030ff725f3e6fece2b78
  speech_to_text: b43a7d99aef037bd758ed8e45d79bbac035d2dfe
  Try: 5ef669ae832617b3cee58cb2c6f99fb767a4ff96

PODFILE CHECKSUM: 54a2a51c33eb80fa522501b13df83ee55051f3cf

COCOAPODS: 1.14.3
